// !$*UTF8*$!
{
	archiveVersion = 1;
	classes = {
	};
	objectVersion = 46;
	objects = {

/* Begin PBXBuildFile section */
		740468631D93AD18007DF366 /* Home.storyboard in Resources */ = {isa = PBXBuildFile; fileRef = 740468611D93AD18007DF366 /* Home.storyboard */; };
		740468661D93AD6D007DF366 /* Live.storyboard in Resources */ = {isa = PBXBuildFile; fileRef = 740468641D93AD6D007DF366 /* Live.storyboard */; };
		740468691D93AD7F007DF366 /* Follow.storyboard in Resources */ = {isa = PBXBuildFile; fileRef = 740468671D93AD7F007DF366 /* Follow.storyboard */; };
		7404686C1D93AD8F007DF366 /* Profile.storyboard in Resources */ = {isa = PBXBuildFile; fileRef = 7404686A1D93AD8F007DF366 /* Profile.storyboard */; };
		7404686E1D93AF25007DF366 /* MainViewController.swift in Sources */ = {isa = PBXBuildFile; fileRef = 7404686D1D93AF25007DF366 /* MainViewController.swift */; };
		740468761D93B6C7007DF366 /* HomeViewController.swift in Sources */ = {isa = PBXBuildFile; fileRef = 740468751D93B6C7007DF366 /* HomeViewController.swift */; };
		740468791D93C0DF007DF366 /* UIBarButtonItem-Extension.swift in Sources */ = {isa = PBXBuildFile; fileRef = 740468781D93C0DF007DF366 /* UIBarButtonItem-Extension.swift */; };
		74B986FD1D9279940024E5B4 /* AppDelegate.swift in Sources */ = {isa = PBXBuildFile; fileRef = 74B986FC1D9279940024E5B4 /* AppDelegate.swift */; };
		74B986FF1D9279940024E5B4 /* ViewController.swift in Sources */ = {isa = PBXBuildFile; fileRef = 74B986FE1D9279940024E5B4 /* ViewController.swift */; };
		74B987021D9279940024E5B4 /* Main.storyboard in Resources */ = {isa = PBXBuildFile; fileRef = 74B987001D9279940024E5B4 /* Main.storyboard */; };
		74B987041D9279940024E5B4 /* Assets.xcassets in Resources */ = {isa = PBXBuildFile; fileRef = 74B987031D9279940024E5B4 /* Assets.xcassets */; };
		74B987071D9279940024E5B4 /* LaunchScreen.storyboard in Resources */ = {isa = PBXBuildFile; fileRef = 74B987051D9279940024E5B4 /* LaunchScreen.storyboard */; };
/* End PBXBuildFile section */

/* Begin PBXFileReference section */
		740468621D93AD18007DF366 /* Base */ = {isa = PBXFileReference; lastKnownFileType = file.storyboard; name = Base; path = DouYuTV/Base.lproj/Home.storyboard; sourceTree = SOURCE_ROOT; };
		740468651D93AD6D007DF366 /* Base */ = {isa = PBXFileReference; lastKnownFileType = file.storyboard; name = Base; path = DouYuTV/Base.lproj/Live.storyboard; sourceTree = SOURCE_ROOT; };
		740468681D93AD7F007DF366 /* Base */ = {isa = PBXFileReference; lastKnownFileType = file.storyboard; name = Base; path = DouYuTV/Base.lproj/Follow.storyboard; sourceTree = SOURCE_ROOT; };
		7404686B1D93AD8F007DF366 /* Base */ = {isa = PBXFileReference; lastKnownFileType = file.storyboard; name = Base; path = DouYuTV/Base.lproj/Profile.storyboard; sourceTree = SOURCE_ROOT; };
		7404686D1D93AF25007DF366 /* MainViewController.swift */ = {isa = PBXFileReference; fileEncoding = 4; lastKnownFileType = sourcecode.swift; name = MainViewController.swift; path = ../MainViewController.swift; sourceTree = "<group>"; };
		740468751D93B6C7007DF366 /* HomeViewController.swift */ = {isa = PBXFileReference; fileEncoding = 4; lastKnownFileType = sourcecode.swift; path = HomeViewController.swift; sourceTree = "<group>"; };
		740468781D93C0DF007DF366 /* UIBarButtonItem-Extension.swift */ = {isa = PBXFileReference; fileEncoding = 4; lastKnownFileType = sourcecode.swift; path = "UIBarButtonItem-Extension.swift"; sourceTree = "<group>"; };
		74B986F91D9279940024E5B4 /* DouYuTV.app */ = {isa = PBXFileReference; explicitFileType = wrapper.application; includeInIndex = 0; path = DouYuTV.app; sourceTree = BUILT_PRODUCTS_DIR; };
		74B986FC1D9279940024E5B4 /* AppDelegate.swift */ = {isa = PBXFileReference; lastKnownFileType = sourcecode.swift; path = AppDelegate.swift; sourceTree = "<group>"; };
		74B986FE1D9279940024E5B4 /* ViewController.swift */ = {isa = PBXFileReference; lastKnownFileType = sourcecode.swift; path = ViewController.swift; sourceTree = "<group>"; };
		74B987011D9279940024E5B4 /* Base */ = {isa = PBXFileReference; lastKnownFileType = file.storyboard; name = Base; path = Base.lproj/Main.storyboard; sourceTree = "<group>"; };
		74B987031D9279940024E5B4 /* Assets.xcassets */ = {isa = PBXFileReference; lastKnownFileType = folder.assetcatalog; path = Assets.xcassets; sourceTree = "<group>"; };
		74B987061D9279940024E5B4 /* Base */ = {isa = PBXFileReference; lastKnownFileType = file.storyboard; name = Base; path = Base.lproj/LaunchScreen.storyboard; sourceTree = "<group>"; };
		74B987081D9279940024E5B4 /* Info.plist */ = {isa = PBXFileReference; lastKnownFileType = text.plist.xml; path = Info.plist; sourceTree = "<group>"; };
/* End PBXFileReference section */

/* Begin PBXFrameworksBuildPhase section */
		74B986F61D9279940024E5B4 /* Frameworks */ = {
			isa = PBXFrameworksBuildPhase;
			buildActionMask = 2147483647;
			files = (
			);
			runOnlyForDeploymentPostprocessing = 0;
		};
/* End PBXFrameworksBuildPhase section */

/* Begin PBXGroup section */
		7404686F1D93B64D007DF366 /* Controller */ = {
			isa = PBXGroup;
			children = (
				740468611D93AD18007DF366 /* Home.storyboard */,
				740468751D93B6C7007DF366 /* HomeViewController.swift */,
			);
			path = Controller;
			sourceTree = "<group>";
		};
		740468701D93B657007DF366 /* Model */ = {
			isa = PBXGroup;
			children = (
			);
			path = Model;
			sourceTree = "<group>";
		};
		740468711D93B657007DF366 /* View */ = {
			isa = PBXGroup;
			children = (
			);
			path = View;
			sourceTree = "<group>";
		};
		740468721D93B676007DF366 /* Controller */ = {
			isa = PBXGroup;
			children = (
				74B987001D9279940024E5B4 /* Main.storyboard */,
				7404686D1D93AF25007DF366 /* MainViewController.swift */,
			);
			path = Controller;
			sourceTree = "<group>";
		};
		740468731D93B676007DF366 /* Model */ = {
			isa = PBXGroup;
			children = (
			);
			path = Model;
			sourceTree = "<group>";
		};
		740468741D93B676007DF366 /* View */ = {
			isa = PBXGroup;
			children = (
			);
			path = View;
			sourceTree = "<group>";
		};
		740468771D93C0BE007DF366 /* Extension */ = {
			isa = PBXGroup;
			children = (
				740468781D93C0DF007DF366 /* UIBarButtonItem-Extension.swift */,
			);
			path = Extension;
			sourceTree = "<group>";
		};
		74B986F01D9279940024E5B4 = {
			isa = PBXGroup;
			children = (
				74B986FB1D9279940024E5B4 /* DouYuTV */,
				74B986FA1D9279940024E5B4 /* Products */,
			);
			sourceTree = "<group>";
		};
		74B986FA1D9279940024E5B4 /* Products */ = {
			isa = PBXGroup;
			children = (
				74B986F91D9279940024E5B4 /* DouYuTV.app */,
			);
			name = Products;
			sourceTree = "<group>";
		};
		74B986FB1D9279940024E5B4 /* DouYuTV */ = {
			isa = PBXGroup;
			children = (
				74B9870E1D92834D0024E5B4 /* Classes */,
				74B986FC1D9279940024E5B4 /* AppDelegate.swift */,
				74B986FE1D9279940024E5B4 /* ViewController.swift */,
				74B987031D9279940024E5B4 /* Assets.xcassets */,
				74B987051D9279940024E5B4 /* LaunchScreen.storyboard */,
				74B987081D9279940024E5B4 /* Info.plist */,
			);
			path = DouYuTV;
			sourceTree = "<group>";
		};
		74B9870E1D92834D0024E5B4 /* Classes */ = {
			isa = PBXGroup;
			children = (
				74B9870F1D9283580024E5B4 /* Main */,
				74B987101D9283620024E5B4 /* Home */,
				74B987121D9283D40024E5B4 /* Follow */,
				74B987131D9283D40024E5B4 /* Live */,
				74B987141D9283D40024E5B4 /* Profile */,
				74B987151D9283D40024E5B4 /* Tools */,
			);
			path = Classes;
			sourceTree = "<group>";
		};
		74B9870F1D9283580024E5B4 /* Main */ = {
			isa = PBXGroup;
			children = (
				740468721D93B676007DF366 /* Controller */,
				740468731D93B676007DF366 /* Model */,
				740468741D93B676007DF366 /* View */,
			);
			path = Main;
			sourceTree = "<group>";
		};
		74B987101D9283620024E5B4 /* Home */ = {
			isa = PBXGroup;
			children = (
				740468701D93B657007DF366 /* Model */,
				740468711D93B657007DF366 /* View */,
				7404686F1D93B64D007DF366 /* Controller */,
			);
			path = Home;
			sourceTree = "<group>";
		};
		74B987121D9283D40024E5B4 /* Follow */ = {
			isa = PBXGroup;
			children = (
				740468671D93AD7F007DF366 /* Follow.storyboard */,
			);
			path = Follow;
			sourceTree = "<group>";
		};
		74B987131D9283D40024E5B4 /* Live */ = {
			isa = PBXGroup;
			children = (
				740468641D93AD6D007DF366 /* Live.storyboard */,
			);
			path = Live;
			sourceTree = "<group>";
		};
		74B987141D9283D40024E5B4 /* Profile */ = {
			isa = PBXGroup;
			children = (
				7404686A1D93AD8F007DF366 /* Profile.storyboard */,
			);
			path = Profile;
			sourceTree = "<group>";
		};
		74B987151D9283D40024E5B4 /* Tools */ = {
			isa = PBXGroup;
			children = (
				740468771D93C0BE007DF366 /* Extension */,
			);
			path = Tools;
			sourceTree = "<group>";
		};
/* End PBXGroup section */

/* Begin PBXNativeTarget section */
		74B986F81D9279940024E5B4 /* DouYuTV */ = {
			isa = PBXNativeTarget;
			buildConfigurationList = 74B9870B1D9279940024E5B4 /* Build configuration list for PBXNativeTarget "DouYuTV" */;
			buildPhases = (
				74B986F51D9279940024E5B4 /* Sources */,
				74B986F61D9279940024E5B4 /* Frameworks */,
				74B986F71D9279940024E5B4 /* Resources */,
			);
			buildRules = (
			);
			dependencies = (
			);
			name = DouYuTV;
			productName = DouYuTV;
			productReference = 74B986F91D9279940024E5B4 /* DouYuTV.app */;
			productType = "com.apple.product-type.application";
		};
/* End PBXNativeTarget section */

/* Begin PBXProject section */
		74B986F11D9279940024E5B4 /* Project object */ = {
			isa = PBXProject;
			attributes = {
				LastSwiftUpdateCheck = 0800;
				LastUpgradeCheck = 0800;
				ORGANIZATIONNAME = "许卓权";
				TargetAttributes = {
					74B986F81D9279940024E5B4 = {
						CreatedOnToolsVersion = 8.0;
						DevelopmentTeam = J2P633X96J;
						ProvisioningStyle = Automatic;
					};
				};
			};
			buildConfigurationList = 74B986F41D9279940024E5B4 /* Build configuration list for PBXProject "DouYuTV" */;
			compatibilityVersion = "Xcode 3.2";
			developmentRegion = English;
			hasScannedForEncodings = 0;
			knownRegions = (
				en,
				Base,
			);
			mainGroup = 74B986F01D9279940024E5B4;
			productRefGroup = 74B986FA1D9279940024E5B4 /* Products */;
			projectDirPath = "";
			projectRoot = "";
			targets = (
				74B986F81D9279940024E5B4 /* DouYuTV */,
			);
		};
/* End PBXProject section */

/* Begin PBXResourcesBuildPhase section */
		74B986F71D9279940024E5B4 /* Resources */ = {
			isa = PBXResourcesBuildPhase;
			buildActionMask = 2147483647;
			files = (
				74B987071D9279940024E5B4 /* LaunchScreen.storyboard in Resources */,
				74B987041D9279940024E5B4 /* Assets.xcassets in Resources */,
				74B987021D9279940024E5B4 /* Main.storyboard in Resources */,
				740468661D93AD6D007DF366 /* Live.storyboard in Resources */,
				740468631D93AD18007DF366 /* Home.storyboard in Resources */,
				7404686C1D93AD8F007DF366 /* Profile.storyboard in Resources */,
				740468691D93AD7F007DF366 /* Follow.storyboard in Resources */,
			);
			runOnlyForDeploymentPostprocessing = 0;
		};
/* End PBXResourcesBuildPhase section */

/* Begin PBXSourcesBuildPhase section */
		74B986F51D9279940024E5B4 /* Sources */ = {
			isa = PBXSourcesBuildPhase;
			buildActionMask = 2147483647;
			files = (
				740468791D93C0DF007DF366 /* UIBarButtonItem-Extension.swift in Sources */,
				7404686E1D93AF25007DF366 /* MainViewController.swift in Sources */,
				74B986FF1D9279940024E5B4 /* ViewController.swift in Sources */,
				74B986FD1D9279940024E5B4 /* AppDelegate.swift in Sources */,
				740468761D93B6C7007DF366 /* HomeViewController.swift in Sources */,
			);
			runOnlyForDeploymentPostprocessing = 0;
		};
/* End PBXSourcesBuildPhase section */

/* Begin PBXVariantGroup section */
		740468611D93AD18007DF366 /* Home.storyboard */ = {
			isa = PBXVariantGroup;
			children = (
				740468621D93AD18007DF366 /* Base */,
			);
			name = Home.storyboard;
			path = ../../Main;
			sourceTree = "<group>";
		};
		740468641D93AD6D007DF366 /* Live.storyboard */ = {
			isa = PBXVariantGroup;
			children = (
				740468651D93AD6D007DF366 /* Base */,
			);
			name = Live.storyboard;
			path = ../Main;
			sourceTree = "<group>";
		};
		740468671D93AD7F007DF366 /* Follow.storyboard */ = {
			isa = PBXVariantGroup;
			children = (
				740468681D93AD7F007DF366 /* Base */,
			);
			name = Follow.storyboard;
			path = ../Main;
			sourceTree = "<group>";
		};
		7404686A1D93AD8F007DF366 /* Profile.storyboard */ = {
			isa = PBXVariantGroup;
			children = (
				7404686B1D93AD8F007DF366 /* Base */,
			);
			name = Profile.storyboard;
			path = ../Main;
			sourceTree = "<group>";
		};
		74B987001D9279940024E5B4 /* Main.storyboard */ = {
			isa = PBXVariantGroup;
			children = (
				74B987011D9279940024E5B4 /* Base */,
			);
			name = Main.storyboard;
			path = ../../..;
			sourceTree = "<group>";
		};
		74B987051D9279940024E5B4 /* LaunchScreen.storyboard */ = {
			isa = PBXVariantGroup;
			children = (
				74B987061D9279940024E5B4 /* Base */,
			);
			name = LaunchScreen.storyboard;
			sourceTree = "<group>";
		};
/* End PBXVariantGroup section */

/* Begin XCBuildConfiguration section */
		74B987091D9279940024E5B4 /* Debug */ = {
			isa = XCBuildConfiguration;
			buildSettings = {
				ALWAYS_SEARCH_USER_PATHS = NO;
				CLANG_ANALYZER_NONNULL = YES;
				CLANG_CXX_LANGUAGE_STANDARD = "gnu++0x";
				CLANG_CXX_LIBRARY = "libc++";
				CLANG_ENABLE_MODULES = YES;
				CLANG_ENABLE_OBJC_ARC = YES;
				CLANG_WARN_BOOL_CONVERSION = YES;
				CLANG_WARN_CONSTANT_CONVERSION = YES;
				CLANG_WARN_DIRECT_OBJC_ISA_USAGE = YES_ERROR;
				CLANG_WARN_DOCUMENTATION_COMMENTS = YES;
				CLANG_WARN_EMPTY_BODY = YES;
				CLANG_WARN_ENUM_CONVERSION = YES;
				CLANG_WARN_INFINITE_RECURSION = YES;
				CLANG_WARN_INT_CONVERSION = YES;
				CLANG_WARN_OBJC_ROOT_CLASS = YES_ERROR;
				CLANG_WARN_SUSPICIOUS_MOVES = YES;
				CLANG_WARN_UNREACHABLE_CODE = YES;
				CLANG_WARN__DUPLICATE_METHOD_MATCH = YES;
				"CODE_SIGN_IDENTITY[sdk=iphoneos*]" = "iPhone Developer";
				COPY_PHASE_STRIP = NO;
				DEBUG_INFORMATION_FORMAT = dwarf;
				ENABLE_STRICT_OBJC_MSGSEND = YES;
				ENABLE_TESTABILITY = YES;
				GCC_C_LANGUAGE_STANDARD = gnu99;
				GCC_DYNAMIC_NO_PIC = NO;
				GCC_NO_COMMON_BLOCKS = YES;
				GCC_OPTIMIZATION_LEVEL = 0;
				GCC_PREPROCESSOR_DEFINITIONS = (
					"DEBUG=1",
					"$(inherited)",
				);
				GCC_WARN_64_TO_32_BIT_CONVERSION = YES;
				GCC_WARN_ABOUT_RETURN_TYPE = YES_ERROR;
				GCC_WARN_UNDECLARED_SELECTOR = YES;
				GCC_WARN_UNINITIALIZED_AUTOS = YES_AGGRESSIVE;
				GCC_WARN_UNUSED_FUNCTION = YES;
				GCC_WARN_UNUSED_VARIABLE = YES;
				IPHONEOS_DEPLOYMENT_TARGET = 10.0;
				MTL_ENABLE_DEBUG_INFO = YES;
				ONLY_ACTIVE_ARCH = YES;
				SDKROOT = iphoneos;
				SWIFT_ACTIVE_COMPILATION_CONDITIONS = DEBUG;
				SWIFT_OPTIMIZATION_LEVEL = "-Onone";
				TARGETED_DEVICE_FAMILY = "1,2";
			};
			name = Debug;
		};
		74B9870A1D9279940024E5B4 /* Release */ = {
			isa = XCBuildConfiguration;
			buildSettings = {
				ALWAYS_SEARCH_USER_PATHS = NO;
				CLANG_ANALYZER_NONNULL = YES;
				CLANG_CXX_LANGUAGE_STANDARD = "gnu++0x";
				CLANG_CXX_LIBRARY = "libc++";
				CLANG_ENABLE_MODULES = YES;
				CLANG_ENABLE_OBJC_ARC = YES;
				CLANG_WARN_BOOL_CONVERSION = YES;
				CLANG_WARN_CONSTANT_CONVERSION = YES;
				CLANG_WARN_DIRECT_OBJC_ISA_USAGE = YES_ERROR;
				CLANG_WARN_DOCUMENTATION_COMMENTS = YES;
				CLANG_WARN_EMPTY_BODY = YES;
				CLANG_WARN_ENUM_CONVERSION = YES;
				CLANG_WARN_INFINITE_RECURSION = YES;
				CLANG_WARN_INT_CONVERSION = YES;
				CLANG_WARN_OBJC_ROOT_CLASS = YES_ERROR;
				CLANG_WARN_SUSPICIOUS_MOVES = YES;
				CLANG_WARN_UNREACHABLE_CODE = YES;
				CLANG_WARN__DUPLICATE_METHOD_MATCH = YES;
				"CODE_SIGN_IDENTITY[sdk=iphoneos*]" = "iPhone Developer";
				COPY_PHASE_STRIP = NO;
				DEBUG_INFORMATION_FORMAT = "dwarf-with-dsym";
				ENABLE_NS_ASSERTIONS = NO;
				ENABLE_STRICT_OBJC_MSGSEND = YES;
				GCC_C_LANGUAGE_STANDARD = gnu99;
				GCC_NO_COMMON_BLOCKS = YES;
				GCC_WARN_64_TO_32_BIT_CONVERSION = YES;
				GCC_WARN_ABOUT_RETURN_TYPE = YES_ERROR;
				GCC_WARN_UNDECLARED_SELECTOR = YES;
				GCC_WARN_UNINITIALIZED_AUTOS = YES_AGGRESSIVE;
				GCC_WARN_UNUSED_FUNCTION = YES;
				GCC_WARN_UNUSED_VARIABLE = YES;
				IPHONEOS_DEPLOYMENT_TARGET = 10.0;
				MTL_ENABLE_DEBUG_INFO = NO;
				SDKROOT = iphoneos;
				SWIFT_OPTIMIZATION_LEVEL = "-Owholemodule";
				TARGETED_DEVICE_FAMILY = "1,2";
				VALIDATE_PRODUCT = YES;
			};
			name = Release;
		};
		74B9870C1D9279940024E5B4 /* Debug */ = {
			isa = XCBuildConfiguration;
			buildSettings = {
				ASSETCATALOG_COMPILER_APPICON_NAME = AppIcon;
				ASSETCATALOG_COMPILER_LAUNCHIMAGE_NAME = LaunchImage;
				DEVELOPMENT_TEAM = J2P633X96J;
				INFOPLIST_FILE = DouYuTV/Info.plist;
				IPHONEOS_DEPLOYMENT_TARGET = 8.0;
				LD_RUNPATH_SEARCH_PATHS = "$(inherited) @executable_path/Frameworks";
				PRODUCT_BUNDLE_IDENTIFIER = com.umowang.DouYuTV;
				PRODUCT_NAME = "$(TARGET_NAME)";
				SWIFT_VERSION = 3.0;
			};
			name = Debug;
		};
		74B9870D1D9279940024E5B4 /* Release */ = {
			isa = XCBuildConfiguration;
			buildSettings = {
				ASSETCATALOG_COMPILER_APPICON_NAME = AppIcon;
				ASSETCATALOG_COMPILER_LAUNCHIMAGE_NAME = LaunchImage;
				DEVELOPMENT_TEAM = J2P633X96J;
				INFOPLIST_FILE = DouYuTV/Info.plist;
				IPHONEOS_DEPLOYMENT_TARGET = 8.0;
				LD_RUNPATH_SEARCH_PATHS = "$(inherited) @executable_path/Frameworks";
				PRODUCT_BUNDLE_IDENTIFIER = com.umowang.DouYuTV;
				PRODUCT_NAME = "$(TARGET_NAME)";
				SWIFT_VERSION = 3.0;
			};
			name = Release;
		};
/* End XCBuildConfiguration section */

/* Begin XCConfigurationList section */
		74B986F41D9279940024E5B4 /* Build configuration list for PBXProject "DouYuTV" */ = {
			isa = XCConfigurationList;
			buildConfigurations = (
				74B987091D9279940024E5B4 /* Debug */,
				74B9870A1D9279940024E5B4 /* Release */,
			);
			defaultConfigurationIsVisible = 0;
			defaultConfigurationName = Release;
		};
		74B9870B1D9279940024E5B4 /* Build configuration list for PBXNativeTarget "DouYuTV" */ = {
			isa = XCConfigurationList;
			buildConfigurations = (
				74B9870C1D9279940024E5B4 /* Debug */,
				74B9870D1D9279940024E5B4 /* Release */,
			);
			defaultConfigurationIsVisible = 0;
			defaultConfigurationName = Release;
		};
/* End XCConfigurationList section */
	};
	rootObject = 74B986F11D9279940024E5B4 /* Project object */;
}
